// !$*UTF8*$!
{
	archiveVersion = 1;
	classes = {
	};
	objectVersion = 46;
	objects = {

/* Begin PBXBuildFile section */
		126842481E35ADDE00C3AC05 /* AppDelegate.swift in Sources */ = {isa = PBXBuildFile; fileRef = 126842471E35ADDE00C3AC05 /* AppDelegate.swift */; };
		1268424A1E35ADDE00C3AC05 /* ViewController.swift in Sources */ = {isa = PBXBuildFile; fileRef = 126842491E35ADDE00C3AC05 /* ViewController.swift */; };
		1268424D1E35ADDE00C3AC05 /* Main.storyboard in Resources */ = {isa = PBXBuildFile; fileRef = 1268424B1E35ADDE00C3AC05 /* Main.storyboard */; };
		1268424F1E35ADDE00C3AC05 /* Assets.xcassets in Resources */ = {isa = PBXBuildFile; fileRef = 1268424E1E35ADDE00C3AC05 /* Assets.xcassets */; };
		126842521E35ADDE00C3AC05 /* LaunchScreen.storyboard in Resources */ = {isa = PBXBuildFile; fileRef = 126842501E35ADDE00C3AC05 /* LaunchScreen.storyboard */; };
/* End PBXBuildFile section */

/* Begin PBXFileReference section */
		126842441E35ADDE00C3AC05 /* Homepwner.app */ = {isa = PBXFileReference; explicitFileType = wrapper.application; includeInIndex = 0; path = Homepwner.app; sourceTree = BUILT_PRODUCTS_DIR; };
		126842471E35ADDE00C3AC05 /* AppDelegate.swift */ = {isa = PBXFileReference; lastKnownFileType = sourcecode.swift; path = AppDelegate.swift; sourceTree = "<group>"; };
		126842491E35ADDE00C3AC05 /* ViewController.swift */ = {isa = PBXFileReference; lastKnownFileType = sourcecode.swift; path = ViewController.swift; sourceTree = "<group>"; };
		1268424C1E35ADDE00C3AC05 /* Base */ = {isa = PBXFileReference; lastKnownFileType = file.storyboard; name = Base; path = Base.lproj/Main.storyboard; sourceTree = "<group>"; };
		1268424E1E35ADDE00C3AC05 /* Assets.xcassets */ = {isa = PBXFileReference; lastKnownFileType = folder.assetcatalog; path = Assets.xcassets; sourceTree = "<group>"; };
		126842511E35ADDE00C3AC05 /* Base */ = {isa = PBXFileReference; lastKnownFileType = file.storyboard; name = Base; path = Base.lproj/LaunchScreen.storyboard; sourceTree = "<group>"; };
		126842531E35ADDE00C3AC05 /* Info.plist */ = {isa = PBXFileReference; lastKnownFileType = text.plist.xml; path = Info.plist; sourceTree = "<group>"; };
/* End PBXFileReference section */

/* Begin PBXFrameworksBuildPhase section */
		126842411E35ADDE00C3AC05 /* Frameworks */ = {
			isa = PBXFrameworksBuildPhase;
			buildActionMask = 2147483647;
			files = (
			);
			runOnlyForDeploymentPostprocessing = 0;
		};
/* End PBXFrameworksBuildPhase section */

/* Begin PBXGroup section */
		1268423B1E35ADDD00C3AC05 = {
			isa = PBXGroup;
			children = (
				126842461E35ADDE00C3AC05 /* Homepwner */,
				126842451E35ADDE00C3AC05 /* Products */,
			);
			sourceTree = "<group>";
		};
		126842451E35ADDE00C3AC05 /* Products */ = {
			isa = PBXGroup;
			children = (
				126842441E35ADDE00C3AC05 /* Homepwner.app */,
			);
			name = Products;
			sourceTree = "<group>";
		};
		126842461E35ADDE00C3AC05 /* Homepwner */ = {
			isa = PBXGroup;
			children = (
				126842471E35ADDE00C3AC05 /* AppDelegate.swift */,
				126842491E35ADDE00C3AC05 /* ViewController.swift */,
				1268424B1E35ADDE00C3AC05 /* Main.storyboard */,
				1268424E1E35ADDE00C3AC05 /* Assets.xcassets */,
				126842501E35ADDE00C3AC05 /* LaunchScreen.storyboard */,
				126842531E35ADDE00C3AC05 /* Info.plist */,
			);
			path = Homepwner;
			sourceTree = "<group>";
		};
/* End PBXGroup section */

/* Begin PBXNativeTarget section */
		126842431E35ADDE00C3AC05 /* Homepwner */ = {
			isa = PBXNativeTarget;
			buildConfigurationList = 126842561E35ADDE00C3AC05 /* Build configuration list for PBXNativeTarget "Homepwner" */;
			buildPhases = (
				126842401E35ADDE00C3AC05 /* Sources */,
				126842411E35ADDE00C3AC05 /* Frameworks */,
				126842421E35ADDE00C3AC05 /* Resources */,
			);
			buildRules = (
			);
			dependencies = (
			);
			name = Homepwner;
			productName = Homepwner;
			productReference = 126842441E35ADDE00C3AC05 /* Homepwner.app */;
			productType = "com.apple.product-type.application";
		};
/* End PBXNativeTarget section */

/* Begin PBXProject section */
		1268423C1E35ADDD00C3AC05 /* Project object */ = {
			isa = PBXProject;
			attributes = {
				LastSwiftUpdateCheck = 0820;
				LastUpgradeCheck = 0820;
				ORGANIZATIONNAME = "Seab Jackson";
				TargetAttributes = {
					126842431E35ADDE00C3AC05 = {
						CreatedOnToolsVersion = 8.2.1;
						DevelopmentTeam = 86SYWTB5Q2;
						ProvisioningStyle = Automatic;
					};
				};
			};
			buildConfigurationList = 1268423F1E35ADDD00C3AC05 /* Build configuration list for PBXProject "Homepwner" */;
			compatibilityVersion = "Xcode 3.2";
			developmentRegion = English;
			hasScannedForEncodings = 0;
			knownRegions = (
				en,
				Base,
			);
			mainGroup = 1268423B1E35ADDD00C3AC05;
			productRefGroup = 126842451E35ADDE00C3AC05 /* Products */;
			projectDirPath = "";
			projectRoot = "";
			targets = (
				126842431E35ADDE00C3AC05 /* Homepwner */,
			);
		};
/* End PBXProject section */

/* Begin PBXResourcesBuildPhase section */
		126842421E35ADDE00C3AC05 /* Resources */ = {
			isa = PBXResourcesBuildPhase;
			buildActionMask = 2147483647;
			files = (
				126842521E35ADDE00C3AC05 /* LaunchScreen.storyboard in Resources */,
				1268424F1E35ADDE00C3AC05 /* Assets.xcassets in Resources */,
				1268424D1E35ADDE00C3AC05 /* Main.storyboard in Resources */,
			);
			runOnlyForDeploymentPostprocessing = 0;
		};
/* End PBXResourcesBuildPhase section */

/* Begin PBXSourcesBuildPhase section */
		126842401E35ADDE00C3AC05 /* Sources */ = {
			isa = PBXSourcesBuildPhase;
			buildActionMask = 2147483647;
			files = (
				1268424A1E35ADDE00C3AC05 /* ViewController.swift in Sources */,
				126842481E35ADDE00C3AC05 /* AppDelegate.swift in Sources */,
			);
			runOnlyForDeploymentPostprocessing = 0;
		};
/* End PBXSourcesBuildPhase section */

/* Begin PBXVariantGroup section */
		1268424B1E35ADDE00C3AC05 /* Main.storyboard */ = {
			isa = PBXVariantGroup;
			children = (
				1268424C1E35ADDE00C3AC05 /* Base */,
			);
			name = Main.storyboard;
			sourceTree = "<group>";
		};
		126842501E35ADDE00C3AC05 /* LaunchScreen.storyboard */ = {
			isa = PBXVariantGroup;
			children = (
				126842511E35ADDE00C3AC05 /* Base */,
			);
			name = LaunchScreen.storyboard;
			sourceTree = "<group>";
		};
/* End PBXVariantGroup section */

/* Begin XCBuildConfiguration section */
		126842541E35ADDE00C3AC05 /* Debug */ = {
			isa = XCBuildConfiguration;
			buildSettings = {
				ALWAYS_SEARCH_USER_PATHS = NO;
				CLANG_ANALYZER_NONNULL = YES;
				CLANG_CXX_LANGUAGE_STANDARD = "gnu++0x";
				CLANG_CXX_LIBRARY = "libc++";
				CLANG_ENABLE_MODULES = YES;
				CLANG_ENABLE_OBJC_ARC = YES;
				CLANG_WARN_BOOL_CONVERSION = YES;
				CLANG_WARN_CONSTANT_CONVERSION = YES;
				CLANG_WARN_DIRECT_OBJC_ISA_USAGE = YES_ERROR;
				CLANG_WARN_DOCUMENTATION_COMMENTS = YES;
				CLANG_WARN_EMPTY_BODY = YES;
				CLANG_WARN_ENUM_CONVERSION = YES;
				CLANG_WARN_INFINITE_RECURSION = YES;
				CLANG_WARN_INT_CONVERSION = YES;
				CLANG_WARN_OBJC_ROOT_CLASS = YES_ERROR;
				CLANG_WARN_SUSPICIOUS_MOVE = YES;
				CLANG_WARN_UNREACHABLE_CODE = YES;
				CLANG_WARN__DUPLICATE_METHOD_MATCH = YES;
				"CODE_SIGN_IDENTITY[sdk=iphoneos*]" = "iPhone Developer";
				COPY_PHASE_STRIP = NO;
				DEBUG_INFORMATION_FORMAT = dwarf;
				ENABLE_STRICT_OBJC_MSGSEND = YES;
				ENABLE_TESTABILITY = YES;
				GCC_C_LANGUAGE_STANDARD = gnu99;
				GCC_DYNAMIC_NO_PIC = NO;
				GCC_NO_COMMON_BLOCKS = YES;
				GCC_OPTIMIZATION_LEVEL = 0;
				GCC_PREPROCESSOR_DEFINITIONS = (
					"DEBUG=1",
					"$(inherited)",
				);
				GCC_WARN_64_TO_32_BIT_CONVERSION = YES;
				GCC_WARN_ABOUT_RETURN_TYPE = YES_ERROR;
				GCC_WARN_UNDECLARED_SELECTOR = YES;
				GCC_WARN_UNINITIALIZED_AUTOS = YES_AGGRESSIVE;
				GCC_WARN_UNUSED_FUNCTION = YES;
				GCC_WARN_UNUSED_VARIABLE = YES;
				IPHONEOS_DEPLOYMENT_TARGET = 10.2;
				MTL_ENABLE_DEBUG_INFO = YES;
				ONLY_ACTIVE_ARCH = YES;
				SDKROOT = iphoneos;
				SWIFT_ACTIVE_COMPILATION_CONDITIONS = DEBUG;
				SWIFT_OPTIMIZATION_LEVEL = "-Onone";
			};
			name = Debug;
		};
		126842551E35ADDE00C3AC05 /* Release */ = {
			isa = XCBuildConfiguration;
			buildSettings = {
				ALWAYS_SEARCH_USER_PATHS = NO;
				CLANG_ANALYZER_NONNULL = YES;
				CLANG_CXX_LANGUAGE_STANDARD = "gnu++0x";
				CLANG_CXX_LIBRARY = "libc++";
				CLANG_ENABLE_MODULES = YES;
				CLANG_ENABLE_OBJC_ARC = YES;
				CLANG_WARN_BOOL_CONVERSION = YES;
				CLANG_WARN_CONSTANT_CONVERSION = YES;
				CLANG_WARN_DIRECT_OBJC_ISA_USAGE = YES_ERROR;
				CLANG_WARN_DOCUMENTATION_COMMENTS = YES;
				CLANG_WARN_EMPTY_BODY = YES;
				CLANG_WARN_ENUM_CONVERSION = YES;
				CLANG_WARN_INFINITE_RECURSION = YES;
				CLANG_WARN_INT_CONVERSION = YES;
				CLANG_WARN_OBJC_ROOT_CLASS = YES_ERROR;
				CLANG_WARN_SUSPICIOUS_MOVE = YES;
				CLANG_WARN_UNREACHABLE_CODE = YES;
				CLANG_WARN__DUPLICATE_METHOD_MATCH = YES;
				"CODE_SIGN_IDENTITY[sdk=iphoneos*]" = "iPhone Developer";
				COPY_PHASE_STRIP = NO;
				DEBUG_INFORMATION_FORMAT = "dwarf-with-dsym";
				ENABLE_NS_ASSERTIONS = NO;
				ENABLE_STRICT_OBJC_MSGSEND = YES;
				GCC_C_LANGUAGE_STANDARD = gnu99;
				GCC_NO_COMMON_BLOCKS = YES;
				GCC_WARN_64_TO_32_BIT_CONVERSION = YES;
				GCC_WARN_ABOUT_RETURN_TYPE = YES_ERROR;
				GCC_WARN_UNDECLARED_SELECTOR = YES;
				GCC_WARN_UNINITIALIZED_AUTOS = YES_AGGRESSIVE;
				GCC_WARN_UNUSED_FUNCTION = YES;
				GCC_WARN_UNUSED_VARIABLE = YES;
				IPHONEOS_DEPLOYMENT_TARGET = 10.2;
				MTL_ENABLE_DEBUG_INFO = NO;
				SDKROOT = iphoneos;
				SWIFT_OPTIMIZATION_LEVEL = "-Owholemodule";
				VALIDATE_PRODUCT = YES;
			};
			name = Release;
		};
		126842571E35ADDE00C3AC05 /* Debug */ = {
			isa = XCBuildConfiguration;
			buildSettings = {
				ASSETCATALOG_COMPILER_APPICON_NAME = AppIcon;
				DEVELOPMENT_TEAM = 86SYWTB5Q2;
				INFOPLIST_FILE = Homepwner/Info.plist;
				LD_RUNPATH_SEARCH_PATHS = "$(inherited) @executable_path/Frameworks";
				PRODUCT_BUNDLE_IDENTIFIER = "Seab-Jackson.Homepwner";
				PRODUCT_NAME = "$(TARGET_NAME)";
				SWIFT_VERSION = 3.0;
			};
			name = Debug;
		};
		126842581E35ADDE00C3AC05 /* Release */ = {
			isa = XCBuildConfiguration;
			buildSettings = {
				ASSETCATALOG_COMPILER_APPICON_NAME = AppIcon;
				DEVELOPMENT_TEAM = 86SYWTB5Q2;
				INFOPLIST_FILE = Homepwner/Info.plist;
				LD_RUNPATH_SEARCH_PATHS = "$(inherited) @executable_path/Frameworks";
				PRODUCT_BUNDLE_IDENTIFIER = "Seab-Jackson.Homepwner";
				PRODUCT_NAME = "$(TARGET_NAME)";
				SWIFT_VERSION = 3.0;
			};
			name = Release;
		};
/* End XCBuildConfiguration section */

/* Begin XCConfigurationList section */
		1268423F1E35ADDD00C3AC05 /* Build configuration list for PBXProject "Homepwner" */ = {
			isa = XCConfigurationList;
			buildConfigurations = (
				126842541E35ADDE00C3AC05 /* Debug */,
				126842551E35ADDE00C3AC05 /* Release */,
			);
			defaultConfigurationIsVisible = 0;
			defaultConfigurationName = Release;
		};
		126842561E35ADDE00C3AC05 /* Build configuration list for PBXNativeTarget "Homepwner" */ = {
			isa = XCConfigurationList;
			buildConfigurations = (
				126842571E35ADDE00C3AC05 /* Debug */,
				126842581E35ADDE00C3AC05 /* Release */,
			);
			defaultConfigurationIsVisible = 0;
		};
/* End XCConfigurationList section */
	};
	rootObject = 1268423C1E35ADDD00C3AC05 /* Project object */;
}
